// !$*UTF8*$!
{
	archiveVersion = 1;
	classes = {
	};
	objectVersion = 46;
	objects = {

/* Begin PBXBuildFile section */
		1804656F1ECBF298008996E3 /* AppDelegate.m in Sources */ = {isa = PBXBuildFile; fileRef = 180465291ECBF298008996E3 /* AppDelegate.m */; };
		180465701ECBF298008996E3 /* ZFBaseTableViewController.m in Sources */ = {isa = PBXBuildFile; fileRef = 180465311ECBF298008996E3 /* ZFBaseTableViewController.m */; };
		180465711ECBF298008996E3 /* ZFBaseViewController.m in Sources */ = {isa = PBXBuildFile; fileRef = 180465331ECBF298008996E3 /* ZFBaseViewController.m */; };
		180465721ECBF298008996E3 /* ZFClassViewController.m in Sources */ = {isa = PBXBuildFile; fileRef = 180465391ECBF298008996E3 /* ZFClassViewController.m */; };
		180465731ECBF298008996E3 /* ZFFunctionViewController.m in Sources */ = {isa = PBXBuildFile; fileRef = 1804653F1ECBF298008996E3 /* ZFFunctionViewController.m */; };
		180465741ECBF298008996E3 /* ZFFunctionTableView.m in Sources */ = {isa = PBXBuildFile; fileRef = 180465431ECBF298008996E3 /* ZFFunctionTableView.m */; };
		180465751ECBF298008996E3 /* ZFMapViewController.m in Sources */ = {isa = PBXBuildFile; fileRef = 180465471ECBF298008996E3 /* ZFMapViewController.m */; };
		180465761ECBF298008996E3 /* BaiduMapAPI_Base.framework in Frameworks */ = {isa = PBXBuildFile; fileRef = 180465501ECBF298008996E3 /* BaiduMapAPI_Base.framework */; };
		180465771ECBF298008996E3 /* BaiduMapAPI_Map.framework in Frameworks */ = {isa = PBXBuildFile; fileRef = 180465511ECBF298008996E3 /* BaiduMapAPI_Map.framework */; };
		180465781ECBF298008996E3 /* libcrypto.a in Frameworks */ = {isa = PBXBuildFile; fileRef = 180465531ECBF298008996E3 /* libcrypto.a */; };
		180465791ECBF298008996E3 /* libssl.a in Frameworks */ = {isa = PBXBuildFile; fileRef = 180465541ECBF298008996E3 /* libssl.a */; };
		1804657A1ECBF298008996E3 /* AMapFoundationKit.framework in Frameworks */ = {isa = PBXBuildFile; fileRef = 180465561ECBF298008996E3 /* AMapFoundationKit.framework */; };
		1804657B1ECBF298008996E3 /* MAMapKit.framework in Frameworks */ = {isa = PBXBuildFile; fileRef = 180465571ECBF298008996E3 /* MAMapKit.framework */; };
		1804657C1ECBF298008996E3 /* ZFMapFactory.m in Sources */ = {isa = PBXBuildFile; fileRef = 180465591ECBF298008996E3 /* ZFMapFactory.m */; };
		1804657D1ECBF298008996E3 /* ZFNavigationController.m in Sources */ = {isa = PBXBuildFile; fileRef = 1804655E1ECBF298008996E3 /* ZFNavigationController.m */; };
		1804657E1ECBF298008996E3 /* ZFTabBarController.m in Sources */ = {isa = PBXBuildFile; fileRef = 180465601ECBF298008996E3 /* ZFTabBarController.m */; };
		1804657F1ECBF298008996E3 /* ZFOtherViewController.m in Sources */ = {isa = PBXBuildFile; fileRef = 180465661ECBF298008996E3 /* ZFOtherViewController.m */; };
		180465801ECBF298008996E3 /* ZFUIViewController.m in Sources */ = {isa = PBXBuildFile; fileRef = 1804656C1ECBF298008996E3 /* ZFUIViewController.m */; };
		180465821ECBF33A008996E3 /* MapKit.framework in Frameworks */ = {isa = PBXBuildFile; fileRef = 180465811ECBF33A008996E3 /* MapKit.framework */; };
		180465841ECBF34D008996E3 /* CoreLocation.framework in Frameworks */ = {isa = PBXBuildFile; fileRef = 180465831ECBF34D008996E3 /* CoreLocation.framework */; };
		180465861ECBF35C008996E3 /* QuartzCore.framework in Frameworks */ = {isa = PBXBuildFile; fileRef = 180465851ECBF35C008996E3 /* QuartzCore.framework */; };
		180465881ECBF36A008996E3 /* OpenGLES.framework in Frameworks */ = {isa = PBXBuildFile; fileRef = 180465871ECBF36A008996E3 /* OpenGLES.framework */; };
		1804658A1ECBF374008996E3 /* SystemConfiguration.framework in Frameworks */ = {isa = PBXBuildFile; fileRef = 180465891ECBF374008996E3 /* SystemConfiguration.framework */; };
		1804658C1ECBF37E008996E3 /* CoreGraphics.framework in Frameworks */ = {isa = PBXBuildFile; fileRef = 1804658B1ECBF37E008996E3 /* CoreGraphics.framework */; };
		1804658E1ECBF389008996E3 /* Security.framework in Frameworks */ = {isa = PBXBuildFile; fileRef = 1804658D1ECBF389008996E3 /* Security.framework */; };
		180465901ECBF396008996E3 /* libsqlite3.0.tbd in Frameworks */ = {isa = PBXBuildFile; fileRef = 1804658F1ECBF396008996E3 /* libsqlite3.0.tbd */; };
		180465921ECBF3A1008996E3 /* CoreTelephony.framework in Frameworks */ = {isa = PBXBuildFile; fileRef = 180465911ECBF3A1008996E3 /* CoreTelephony.framework */; };
		180465941ECBF3B1008996E3 /* libstdc++.6.0.9.tbd in Frameworks */ = {isa = PBXBuildFile; fileRef = 180465931ECBF3B1008996E3 /* libstdc++.6.0.9.tbd */; };
		180465961ECBF3BD008996E3 /* AdSupport.framework in Frameworks */ = {isa = PBXBuildFile; fileRef = 180465951ECBF3BD008996E3 /* AdSupport.framework */; };
		180465981ECBF3C4008996E3 /* JavaScriptCore.framework in Frameworks */ = {isa = PBXBuildFile; fileRef = 180465971ECBF3C4008996E3 /* JavaScriptCore.framework */; };
		1804659A1ECBF3D4008996E3 /* libz.tbd in Frameworks */ = {isa = PBXBuildFile; fileRef = 180465991ECBF3D4008996E3 /* libz.tbd */; };
		1804659C1ECBF3FC008996E3 /* libc++.1.tbd in Frameworks */ = {isa = PBXBuildFile; fileRef = 1804659B1ECBF3FC008996E3 /* libc++.1.tbd */; };
		186886611ECBF0830094C2DC /* main.m in Sources */ = {isa = PBXBuildFile; fileRef = 186886601ECBF0830094C2DC /* main.m */; };
		1868866A1ECBF0830094C2DC /* Main.storyboard in Resources */ = {isa = PBXBuildFile; fileRef = 186886681ECBF0830094C2DC /* Main.storyboard */; };
		1868866D1ECBF0830094C2DC /* ZFIOSPlatform.xcdatamodeld in Sources */ = {isa = PBXBuildFile; fileRef = 1868866B1ECBF0830094C2DC /* ZFIOSPlatform.xcdatamodeld */; };
		1868866F1ECBF0830094C2DC /* Assets.xcassets in Resources */ = {isa = PBXBuildFile; fileRef = 1868866E1ECBF0830094C2DC /* Assets.xcassets */; };
		186886721ECBF0830094C2DC /* LaunchScreen.storyboard in Resources */ = {isa = PBXBuildFile; fileRef = 186886701ECBF0830094C2DC /* LaunchScreen.storyboard */; };
		1868867D1ECBF0830094C2DC /* ZFIOSPlatformTests.m in Sources */ = {isa = PBXBuildFile; fileRef = 1868867C1ECBF0830094C2DC /* ZFIOSPlatformTests.m */; };
		186886881ECBF0840094C2DC /* ZFIOSPlatformUITests.m in Sources */ = {isa = PBXBuildFile; fileRef = 186886871ECBF0840094C2DC /* ZFIOSPlatformUITests.m */; };
		45F8B2C4348E76FC2E571BE3 /* Pods_ZFIOSPlatform.framework in Frameworks */ = {isa = PBXBuildFile; fileRef = F11A8BEC274AFB4D981498F2 /* Pods_ZFIOSPlatform.framework */; };
/* End PBXBuildFile section */

/* Begin PBXContainerItemProxy section */
		186886791ECBF0830094C2DC /* PBXContainerItemProxy */ = {
			isa = PBXContainerItemProxy;
			containerPortal = 186886541ECBF0830094C2DC /* Project object */;
			proxyType = 1;
			remoteGlobalIDString = 1868865B1ECBF0830094C2DC;
			remoteInfo = ZFIOSPlatform;
		};
		186886841ECBF0840094C2DC /* PBXContainerItemProxy */ = {
			isa = PBXContainerItemProxy;
			containerPortal = 186886541ECBF0830094C2DC /* Project object */;
			proxyType = 1;
			remoteGlobalIDString = 1868865B1ECBF0830094C2DC;
			remoteInfo = ZFIOSPlatform;
		};
/* End PBXContainerItemProxy section */

/* Begin PBXFileReference section */
		180465281ECBF298008996E3 /* AppDelegate.h */ = {isa = PBXFileReference; fileEncoding = 4; lastKnownFileType = sourcecode.c.h; path = AppDelegate.h; sourceTree = "<group>"; };
		180465291ECBF298008996E3 /* AppDelegate.m */ = {isa = PBXFileReference; fileEncoding = 4; lastKnownFileType = sourcecode.c.objc; path = AppDelegate.m; sourceTree = "<group>"; };
		1804652B1ECBF298008996E3 /* ZFMacros.h */ = {isa = PBXFileReference; fileEncoding = 4; lastKnownFileType = sourcecode.c.h; path = ZFMacros.h; sourceTree = "<group>"; };
		1804652D1ECBF298008996E3 /* ZFURL.h */ = {isa = PBXFileReference; fileEncoding = 4; lastKnownFileType = sourcecode.c.h; path = ZFURL.h; sourceTree = "<group>"; };
		180465301ECBF298008996E3 /* ZFBaseTableViewController.h */ = {isa = PBXFileReference; fileEncoding = 4; lastKnownFileType = sourcecode.c.h; path = ZFBaseTableViewController.h; sourceTree = "<group>"; };
		180465311ECBF298008996E3 /* ZFBaseTableViewController.m */ = {isa = PBXFileReference; fileEncoding = 4; lastKnownFileType = sourcecode.c.objc; path = ZFBaseTableViewController.m; sourceTree = "<group>"; };
		180465321ECBF298008996E3 /* ZFBaseViewController.h */ = {isa = PBXFileReference; fileEncoding = 4; lastKnownFileType = sourcecode.c.h; path = ZFBaseViewController.h; sourceTree = "<group>"; };
		180465331ECBF298008996E3 /* ZFBaseViewController.m */ = {isa = PBXFileReference; fileEncoding = 4; lastKnownFileType = sourcecode.c.objc; path = ZFBaseViewController.m; sourceTree = "<group>"; };
		180465381ECBF298008996E3 /* ZFClassViewController.h */ = {isa = PBXFileReference; fileEncoding = 4; lastKnownFileType = sourcecode.c.h; path = ZFClassViewController.h; sourceTree = "<group>"; };
		180465391ECBF298008996E3 /* ZFClassViewController.m */ = {isa = PBXFileReference; fileEncoding = 4; lastKnownFileType = sourcecode.c.objc; path = ZFClassViewController.m; sourceTree = "<group>"; };
		1804653E1ECBF298008996E3 /* ZFFunctionViewController.h */ = {isa = PBXFileReference; fileEncoding = 4; lastKnownFileType = sourcecode.c.h; path = ZFFunctionViewController.h; sourceTree = "<group>"; };
		1804653F1ECBF298008996E3 /* ZFFunctionViewController.m */ = {isa = PBXFileReference; fileEncoding = 4; lastKnownFileType = sourcecode.c.objc; path = ZFFunctionViewController.m; sourceTree = "<group>"; };
		180465421ECBF298008996E3 /* ZFFunctionTableView.h */ = {isa = PBXFileReference; fileEncoding = 4; lastKnownFileType = sourcecode.c.h; path = ZFFunctionTableView.h; sourceTree = "<group>"; };
		180465431ECBF298008996E3 /* ZFFunctionTableView.m */ = {isa = PBXFileReference; fileEncoding = 4; lastKnownFileType = sourcecode.c.objc; path = ZFFunctionTableView.m; sourceTree = "<group>"; };
		180465461ECBF298008996E3 /* ZFMapViewController.h */ = {isa = PBXFileReference; fileEncoding = 4; lastKnownFileType = sourcecode.c.h; path = ZFMapViewController.h; sourceTree = "<group>"; };
		180465471ECBF298008996E3 /* ZFMapViewController.m */ = {isa = PBXFileReference; fileEncoding = 4; lastKnownFileType = sourcecode.c.objc; path = ZFMapViewController.m; sourceTree = "<group>"; };
		180465501ECBF298008996E3 /* BaiduMapAPI_Base.framework */ = {isa = PBXFileReference; lastKnownFileType = wrapper.framework; path = BaiduMapAPI_Base.framework; sourceTree = "<group>"; };
		180465511ECBF298008996E3 /* BaiduMapAPI_Map.framework */ = {isa = PBXFileReference; lastKnownFileType = wrapper.framework; path = BaiduMapAPI_Map.framework; sourceTree = "<group>"; };
		180465531ECBF298008996E3 /* libcrypto.a */ = {isa = PBXFileReference; lastKnownFileType = archive.ar; path = libcrypto.a; sourceTree = "<group>"; };
		180465541ECBF298008996E3 /* libssl.a */ = {isa = PBXFileReference; lastKnownFileType = archive.ar; path = libssl.a; sourceTree = "<group>"; };
		180465561ECBF298008996E3 /* AMapFoundationKit.framework */ = {isa = PBXFileReference; lastKnownFileType = wrapper.framework; path = AMapFoundationKit.framework; sourceTree = "<group>"; };
		180465571ECBF298008996E3 /* MAMapKit.framework */ = {isa = PBXFileReference; lastKnownFileType = wrapper.framework; path = MAMapKit.framework; sourceTree = "<group>"; };
		180465581ECBF298008996E3 /* ZFMapFactory.h */ = {isa = PBXFileReference; fileEncoding = 4; lastKnownFileType = sourcecode.c.h; path = ZFMapFactory.h; sourceTree = "<group>"; };
		180465591ECBF298008996E3 /* ZFMapFactory.m */ = {isa = PBXFileReference; fileEncoding = 4; lastKnownFileType = sourcecode.c.objc; path = ZFMapFactory.m; sourceTree = "<group>"; };
		1804655D1ECBF298008996E3 /* ZFNavigationController.h */ = {isa = PBXFileReference; fileEncoding = 4; lastKnownFileType = sourcecode.c.h; path = ZFNavigationController.h; sourceTree = "<group>"; };
		1804655E1ECBF298008996E3 /* ZFNavigationController.m */ = {isa = PBXFileReference; fileEncoding = 4; lastKnownFileType = sourcecode.c.objc; path = ZFNavigationController.m; sourceTree = "<group>"; };
		1804655F1ECBF298008996E3 /* ZFTabBarController.h */ = {isa = PBXFileReference; fileEncoding = 4; lastKnownFileType = sourcecode.c.h; path = ZFTabBarController.h; sourceTree = "<group>"; };
		180465601ECBF298008996E3 /* ZFTabBarController.m */ = {isa = PBXFileReference; fileEncoding = 4; lastKnownFileType = sourcecode.c.objc; path = ZFTabBarController.m; sourceTree = "<group>"; };
		180465651ECBF298008996E3 /* ZFOtherViewController.h */ = {isa = PBXFileReference; fileEncoding = 4; lastKnownFileType = sourcecode.c.h; path = ZFOtherViewController.h; sourceTree = "<group>"; };
		180465661ECBF298008996E3 /* ZFOtherViewController.m */ = {isa = PBXFileReference; fileEncoding = 4; lastKnownFileType = sourcecode.c.objc; path = ZFOtherViewController.m; sourceTree = "<group>"; };
		1804656B1ECBF298008996E3 /* ZFUIViewController.h */ = {isa = PBXFileReference; fileEncoding = 4; lastKnownFileType = sourcecode.c.h; path = ZFUIViewController.h; sourceTree = "<group>"; };
		1804656C1ECBF298008996E3 /* ZFUIViewController.m */ = {isa = PBXFileReference; fileEncoding = 4; lastKnownFileType = sourcecode.c.objc; path = ZFUIViewController.m; sourceTree = "<group>"; };
		180465811ECBF33A008996E3 /* MapKit.framework */ = {isa = PBXFileReference; lastKnownFileType = wrapper.framework; name = MapKit.framework; path = System/Library/Frameworks/MapKit.framework; sourceTree = SDKROOT; };
		180465831ECBF34D008996E3 /* CoreLocation.framework */ = {isa = PBXFileReference; lastKnownFileType = wrapper.framework; name = CoreLocation.framework; path = System/Library/Frameworks/CoreLocation.framework; sourceTree = SDKROOT; };
		180465851ECBF35C008996E3 /* QuartzCore.framework */ = {isa = PBXFileReference; lastKnownFileType = wrapper.framework; name = QuartzCore.framework; path = System/Library/Frameworks/QuartzCore.framework; sourceTree = SDKROOT; };
		180465871ECBF36A008996E3 /* OpenGLES.framework */ = {isa = PBXFileReference; lastKnownFileType = wrapper.framework; name = OpenGLES.framework; path = System/Library/Frameworks/OpenGLES.framework; sourceTree = SDKROOT; };
		180465891ECBF374008996E3 /* SystemConfiguration.framework */ = {isa = PBXFileReference; lastKnownFileType = wrapper.framework; name = SystemConfiguration.framework; path = System/Library/Frameworks/SystemConfiguration.framework; sourceTree = SDKROOT; };
		1804658B1ECBF37E008996E3 /* CoreGraphics.framework */ = {isa = PBXFileReference; lastKnownFileType = wrapper.framework; name = CoreGraphics.framework; path = System/Library/Frameworks/CoreGraphics.framework; sourceTree = SDKROOT; };
		1804658D1ECBF389008996E3 /* Security.framework */ = {isa = PBXFileReference; lastKnownFileType = wrapper.framework; name = Security.framework; path = System/Library/Frameworks/Security.framework; sourceTree = SDKROOT; };
		1804658F1ECBF396008996E3 /* libsqlite3.0.tbd */ = {isa = PBXFileReference; lastKnownFileType = "sourcecode.text-based-dylib-definition"; name = libsqlite3.0.tbd; path = usr/lib/libsqlite3.0.tbd; sourceTree = SDKROOT; };
		180465911ECBF3A1008996E3 /* CoreTelephony.framework */ = {isa = PBXFileReference; lastKnownFileType = wrapper.framework; name = CoreTelephony.framework; path = System/Library/Frameworks/CoreTelephony.framework; sourceTree = SDKROOT; };
		180465931ECBF3B1008996E3 /* libstdc++.6.0.9.tbd */ = {isa = PBXFileReference; lastKnownFileType = "sourcecode.text-based-dylib-definition"; name = "libstdc++.6.0.9.tbd"; path = "usr/lib/libstdc++.6.0.9.tbd"; sourceTree = SDKROOT; };
		180465951ECBF3BD008996E3 /* AdSupport.framework */ = {isa = PBXFileReference; lastKnownFileType = wrapper.framework; name = AdSupport.framework; path = System/Library/Frameworks/AdSupport.framework; sourceTree = SDKROOT; };
		180465971ECBF3C4008996E3 /* JavaScriptCore.framework */ = {isa = PBXFileReference; lastKnownFileType = wrapper.framework; name = JavaScriptCore.framework; path = System/Library/Frameworks/JavaScriptCore.framework; sourceTree = SDKROOT; };
		180465991ECBF3D4008996E3 /* libz.tbd */ = {isa = PBXFileReference; lastKnownFileType = "sourcecode.text-based-dylib-definition"; name = libz.tbd; path = usr/lib/libz.tbd; sourceTree = SDKROOT; };
		1804659B1ECBF3FC008996E3 /* libc++.1.tbd */ = {isa = PBXFileReference; lastKnownFileType = "sourcecode.text-based-dylib-definition"; name = "libc++.1.tbd"; path = "usr/lib/libc++.1.tbd"; sourceTree = SDKROOT; };
		1868865C1ECBF0830094C2DC /* ZFIOSPlatform.app */ = {isa = PBXFileReference; explicitFileType = wrapper.application; includeInIndex = 0; path = ZFIOSPlatform.app; sourceTree = BUILT_PRODUCTS_DIR; };
		186886601ECBF0830094C2DC /* main.m */ = {isa = PBXFileReference; lastKnownFileType = sourcecode.c.objc; path = main.m; sourceTree = "<group>"; };
		186886691ECBF0830094C2DC /* Base */ = {isa = PBXFileReference; lastKnownFileType = file.storyboard; name = Base; path = Base.lproj/Main.storyboard; sourceTree = "<group>"; };
		1868866C1ECBF0830094C2DC /* ZFIOSPlatform.xcdatamodel */ = {isa = PBXFileReference; lastKnownFileType = wrapper.xcdatamodel; path = ZFIOSPlatform.xcdatamodel; sourceTree = "<group>"; };
		1868866E1ECBF0830094C2DC /* Assets.xcassets */ = {isa = PBXFileReference; lastKnownFileType = folder.assetcatalog; path = Assets.xcassets; sourceTree = "<group>"; };
		186886711ECBF0830094C2DC /* Base */ = {isa = PBXFileReference; lastKnownFileType = file.storyboard; name = Base; path = Base.lproj/LaunchScreen.storyboard; sourceTree = "<group>"; };
		186886731ECBF0830094C2DC /* Info.plist */ = {isa = PBXFileReference; lastKnownFileType = text.plist.xml; path = Info.plist; sourceTree = "<group>"; };
		186886781ECBF0830094C2DC /* ZFIOSPlatformTests.xctest */ = {isa = PBXFileReference; explicitFileType = wrapper.cfbundle; includeInIndex = 0; path = ZFIOSPlatformTests.xctest; sourceTree = BUILT_PRODUCTS_DIR; };
		1868867C1ECBF0830094C2DC /* ZFIOSPlatformTests.m */ = {isa = PBXFileReference; lastKnownFileType = sourcecode.c.objc; path = ZFIOSPlatformTests.m; sourceTree = "<group>"; };
		1868867E1ECBF0840094C2DC /* Info.plist */ = {isa = PBXFileReference; lastKnownFileType = text.plist.xml; path = Info.plist; sourceTree = "<group>"; };
		186886831ECBF0840094C2DC /* ZFIOSPlatformUITests.xctest */ = {isa = PBXFileReference; explicitFileType = wrapper.cfbundle; includeInIndex = 0; path = ZFIOSPlatformUITests.xctest; sourceTree = BUILT_PRODUCTS_DIR; };
		186886871ECBF0840094C2DC /* ZFIOSPlatformUITests.m */ = {isa = PBXFileReference; lastKnownFileType = sourcecode.c.objc; path = ZFIOSPlatformUITests.m; sourceTree = "<group>"; };
		186886891ECBF0840094C2DC /* Info.plist */ = {isa = PBXFileReference; lastKnownFileType = text.plist.xml; path = Info.plist; sourceTree = "<group>"; };
		572F6762BB572668B7FBE264 /* Pods-ZFIOSPlatform.debug.xcconfig */ = {isa = PBXFileReference; includeInIndex = 1; lastKnownFileType = text.xcconfig; name = "Pods-ZFIOSPlatform.debug.xcconfig"; path = "Pods/Target Support Files/Pods-ZFIOSPlatform/Pods-ZFIOSPlatform.debug.xcconfig"; sourceTree = "<group>"; };
		DFAD6C3FF7827F9E45DF74B1 /* Pods-ZFIOSPlatform.release.xcconfig */ = {isa = PBXFileReference; includeInIndex = 1; lastKnownFileType = text.xcconfig; name = "Pods-ZFIOSPlatform.release.xcconfig"; path = "Pods/Target Support Files/Pods-ZFIOSPlatform/Pods-ZFIOSPlatform.release.xcconfig"; sourceTree = "<group>"; };
		F11A8BEC274AFB4D981498F2 /* Pods_ZFIOSPlatform.framework */ = {isa = PBXFileReference; explicitFileType = wrapper.framework; includeInIndex = 0; path = Pods_ZFIOSPlatform.framework; sourceTree = BUILT_PRODUCTS_DIR; };
/* End PBXFileReference section */

/* Begin PBXFrameworksBuildPhase section */
		186886591ECBF0830094C2DC /* Frameworks */ = {
			isa = PBXFrameworksBuildPhase;
			buildActionMask = 2147483647;
			files = (
				1804659C1ECBF3FC008996E3 /* libc++.1.tbd in Frameworks */,
				1804659A1ECBF3D4008996E3 /* libz.tbd in Frameworks */,
				180465981ECBF3C4008996E3 /* JavaScriptCore.framework in Frameworks */,
				180465961ECBF3BD008996E3 /* AdSupport.framework in Frameworks */,
				180465941ECBF3B1008996E3 /* libstdc++.6.0.9.tbd in Frameworks */,
				180465921ECBF3A1008996E3 /* CoreTelephony.framework in Frameworks */,
				180465901ECBF396008996E3 /* libsqlite3.0.tbd in Frameworks */,
				1804658E1ECBF389008996E3 /* Security.framework in Frameworks */,
				1804658C1ECBF37E008996E3 /* CoreGraphics.framework in Frameworks */,
				1804658A1ECBF374008996E3 /* SystemConfiguration.framework in Frameworks */,
				180465881ECBF36A008996E3 /* OpenGLES.framework in Frameworks */,
				180465861ECBF35C008996E3 /* QuartzCore.framework in Frameworks */,
				180465841ECBF34D008996E3 /* CoreLocation.framework in Frameworks */,
				180465821ECBF33A008996E3 /* MapKit.framework in Frameworks */,
				180465791ECBF298008996E3 /* libssl.a in Frameworks */,
				1804657A1ECBF298008996E3 /* AMapFoundationKit.framework in Frameworks */,
				1804657B1ECBF298008996E3 /* MAMapKit.framework in Frameworks */,
				45F8B2C4348E76FC2E571BE3 /* Pods_ZFIOSPlatform.framework in Frameworks */,
				180465761ECBF298008996E3 /* BaiduMapAPI_Base.framework in Frameworks */,
				180465781ECBF298008996E3 /* libcrypto.a in Frameworks */,
				180465771ECBF298008996E3 /* BaiduMapAPI_Map.framework in Frameworks */,
			);
			runOnlyForDeploymentPostprocessing = 0;
		};
		186886751ECBF0830094C2DC /* Frameworks */ = {
			isa = PBXFrameworksBuildPhase;
			buildActionMask = 2147483647;
			files = (
			);
			runOnlyForDeploymentPostprocessing = 0;
		};
		186886801ECBF0840094C2DC /* Frameworks */ = {
			isa = PBXFrameworksBuildPhase;
			buildActionMask = 2147483647;
			files = (
			);
			runOnlyForDeploymentPostprocessing = 0;
		};
/* End PBXFrameworksBuildPhase section */

/* Begin PBXGroup section */
		180465251ECBF298008996E3 /* ZFClass */ = {
			isa = PBXGroup;
			children = (
				180465261ECBF298008996E3 /* AppData */,
				1804652E1ECBF298008996E3 /* ZFBase */,
				180465361ECBF298008996E3 /* ZFClass */,
				1804653C1ECBF298008996E3 /* ZFFunction */,
				1804655B1ECBF298008996E3 /* ZFMain */,
				180465631ECBF298008996E3 /* ZFOther */,
				180465691ECBF298008996E3 /* ZFUI */,
			);
			path = ZFClass;
			sourceTree = "<group>";
		};
		180465261ECBF298008996E3 /* AppData */ = {
			isa = PBXGroup;
			children = (
				180465271ECBF298008996E3 /* ZFApp */,
				1804652A1ECBF298008996E3 /* ZFMacros */,
				1804652C1ECBF298008996E3 /* ZFURL */,
			);
			path = AppData;
			sourceTree = "<group>";
		};
		180465271ECBF298008996E3 /* ZFApp */ = {
			isa = PBXGroup;
			children = (
				180465281ECBF298008996E3 /* AppDelegate.h */,
				180465291ECBF298008996E3 /* AppDelegate.m */,
			);
			path = ZFApp;
			sourceTree = "<group>";
		};
		1804652A1ECBF298008996E3 /* ZFMacros */ = {
			isa = PBXGroup;
			children = (
				1804652B1ECBF298008996E3 /* ZFMacros.h */,
			);
			path = ZFMacros;
			sourceTree = "<group>";
		};
		1804652C1ECBF298008996E3 /* ZFURL */ = {
			isa = PBXGroup;
			children = (
				1804652D1ECBF298008996E3 /* ZFURL.h */,
			);
			path = ZFURL;
			sourceTree = "<group>";
		};
		1804652E1ECBF298008996E3 /* ZFBase */ = {
			isa = PBXGroup;
			children = (
				1804652F1ECBF298008996E3 /* Controller */,
				180465341ECBF298008996E3 /* Model */,
				180465351ECBF298008996E3 /* View */,
			);
			path = ZFBase;
			sourceTree = "<group>";
		};
		1804652F1ECBF298008996E3 /* Controller */ = {
			isa = PBXGroup;
			children = (
				180465301ECBF298008996E3 /* ZFBaseTableViewController.h */,
				180465311ECBF298008996E3 /* ZFBaseTableViewController.m */,
				180465321ECBF298008996E3 /* ZFBaseViewController.h */,
				180465331ECBF298008996E3 /* ZFBaseViewController.m */,
			);
			path = Controller;
			sourceTree = "<group>";
		};
		180465341ECBF298008996E3 /* Model */ = {
			isa = PBXGroup;
			children = (
			);
			path = Model;
			sourceTree = "<group>";
		};
		180465351ECBF298008996E3 /* View */ = {
			isa = PBXGroup;
			children = (
			);
			path = View;
			sourceTree = "<group>";
		};
		180465361ECBF298008996E3 /* ZFClass */ = {
			isa = PBXGroup;
			children = (
				180465371ECBF298008996E3 /* Controller */,
				1804653A1ECBF298008996E3 /* Model */,
				1804653B1ECBF298008996E3 /* View */,
			);
			path = ZFClass;
			sourceTree = "<group>";
		};
		180465371ECBF298008996E3 /* Controller */ = {
			isa = PBXGroup;
			children = (
				180465381ECBF298008996E3 /* ZFClassViewController.h */,
				180465391ECBF298008996E3 /* ZFClassViewController.m */,
			);
			path = Controller;
			sourceTree = "<group>";
		};
		1804653A1ECBF298008996E3 /* Model */ = {
			isa = PBXGroup;
			children = (
			);
			path = Model;
			sourceTree = "<group>";
		};
		1804653B1ECBF298008996E3 /* View */ = {
			isa = PBXGroup;
			children = (
			);
			path = View;
			sourceTree = "<group>";
		};
		1804653C1ECBF298008996E3 /* ZFFunction */ = {
			isa = PBXGroup;
			children = (
				1804653D1ECBF298008996E3 /* Controller */,
				180465401ECBF298008996E3 /* Model */,
				180465411ECBF298008996E3 /* View */,
				180465441ECBF298008996E3 /* ZFMap */,
				1804655A1ECBF298008996E3 /* ZFPay */,
			);
			path = ZFFunction;
			sourceTree = "<group>";
		};
		1804653D1ECBF298008996E3 /* Controller */ = {
			isa = PBXGroup;
			children = (
				1804653E1ECBF298008996E3 /* ZFFunctionViewController.h */,
				1804653F1ECBF298008996E3 /* ZFFunctionViewController.m */,
			);
			path = Controller;
			sourceTree = "<group>";
		};
		180465401ECBF298008996E3 /* Model */ = {
			isa = PBXGroup;
			children = (
			);
			path = Model;
			sourceTree = "<group>";
		};
		180465411ECBF298008996E3 /* View */ = {
			isa = PBXGroup;
			children = (
				180465421ECBF298008996E3 /* ZFFunctionTableView.h */,
				180465431ECBF298008996E3 /* ZFFunctionTableView.m */,
			);
			path = View;
			sourceTree = "<group>";
		};
		180465441ECBF298008996E3 /* ZFMap */ = {
			isa = PBXGroup;
			children = (
				180465451ECBF298008996E3 /* Controller */,
				180465481ECBF298008996E3 /* Model */,
				180465491ECBF298008996E3 /* View */,
				1804654A1ECBF298008996E3 /* ZFMapFactory */,
			);
			path = ZFMap;
			sourceTree = "<group>";
		};
		180465451ECBF298008996E3 /* Controller */ = {
			isa = PBXGroup;
			children = (
				180465461ECBF298008996E3 /* ZFMapViewController.h */,
				180465471ECBF298008996E3 /* ZFMapViewController.m */,
			);
			path = Controller;
			sourceTree = "<group>";
		};
		180465481ECBF298008996E3 /* Model */ = {
			isa = PBXGroup;
			children = (
			);
			path = Model;
			sourceTree = "<group>";
		};
		180465491ECBF298008996E3 /* View */ = {
			isa = PBXGroup;
			children = (
			);
			path = View;
			sourceTree = "<group>";
		};
		1804654A1ECBF298008996E3 /* ZFMapFactory */ = {
			isa = PBXGroup;
			children = (
				1804654B1ECBF298008996E3 /* Images */,
				1804654E1ECBF298008996E3 /* Librarys */,
				180465581ECBF298008996E3 /* ZFMapFactory.h */,
				180465591ECBF298008996E3 /* ZFMapFactory.m */,
			);
			path = ZFMapFactory;
			sourceTree = "<group>";
		};
		1804654B1ECBF298008996E3 /* Images */ = {
			isa = PBXGroup;
			children = (
				1804654C1ECBF298008996E3 /* BaiDu */,
				1804654D1ECBF298008996E3 /* GaoDe */,
			);
			path = Images;
			sourceTree = "<group>";
		};
		1804654C1ECBF298008996E3 /* BaiDu */ = {
			isa = PBXGroup;
			children = (
			);
			path = BaiDu;
			sourceTree = "<group>";
		};
		1804654D1ECBF298008996E3 /* GaoDe */ = {
			isa = PBXGroup;
			children = (
			);
			path = GaoDe;
			sourceTree = "<group>";
		};
		1804654E1ECBF298008996E3 /* Librarys */ = {
			isa = PBXGroup;
			children = (
				1804654F1ECBF298008996E3 /* BaiDu */,
				180465551ECBF298008996E3 /* GaoDe */,
			);
			path = Librarys;
			sourceTree = "<group>";
		};
		1804654F1ECBF298008996E3 /* BaiDu */ = {
			isa = PBXGroup;
			children = (
				180465501ECBF298008996E3 /* BaiduMapAPI_Base.framework */,
				180465511ECBF298008996E3 /* BaiduMapAPI_Map.framework */,
				180465521ECBF298008996E3 /* thirdlibs */,
			);
			path = BaiDu;
			sourceTree = "<group>";
		};
		180465521ECBF298008996E3 /* thirdlibs */ = {
			isa = PBXGroup;
			children = (
				180465531ECBF298008996E3 /* libcrypto.a */,
				180465541ECBF298008996E3 /* libssl.a */,
			);
			path = thirdlibs;
			sourceTree = "<group>";
		};
		180465551ECBF298008996E3 /* GaoDe */ = {
			isa = PBXGroup;
			children = (
				180465561ECBF298008996E3 /* AMapFoundationKit.framework */,
				180465571ECBF298008996E3 /* MAMapKit.framework */,
			);
			path = GaoDe;
			sourceTree = "<group>";
		};
		1804655A1ECBF298008996E3 /* ZFPay */ = {
			isa = PBXGroup;
			children = (
			);
			path = ZFPay;
			sourceTree = "<group>";
		};
		1804655B1ECBF298008996E3 /* ZFMain */ = {
			isa = PBXGroup;
			children = (
				1804655C1ECBF298008996E3 /* Controller */,
				180465611ECBF298008996E3 /* Model */,
				180465621ECBF298008996E3 /* View */,
			);
			path = ZFMain;
			sourceTree = "<group>";
		};
		1804655C1ECBF298008996E3 /* Controller */ = {
			isa = PBXGroup;
			children = (
				1804655D1ECBF298008996E3 /* ZFNavigationController.h */,
				1804655E1ECBF298008996E3 /* ZFNavigationController.m */,
				1804655F1ECBF298008996E3 /* ZFTabBarController.h */,
				180465601ECBF298008996E3 /* ZFTabBarController.m */,
			);
			path = Controller;
			sourceTree = "<group>";
		};
		180465611ECBF298008996E3 /* Model */ = {
			isa = PBXGroup;
			children = (
			);
			path = Model;
			sourceTree = "<group>";
		};
		180465621ECBF298008996E3 /* View */ = {
			isa = PBXGroup;
			children = (
			);
			path = View;
			sourceTree = "<group>";
		};
		180465631ECBF298008996E3 /* ZFOther */ = {
			isa = PBXGroup;
			children = (
				180465641ECBF298008996E3 /* Controller */,
				180465671ECBF298008996E3 /* Model */,
				180465681ECBF298008996E3 /* View */,
			);
			path = ZFOther;
			sourceTree = "<group>";
		};
		180465641ECBF298008996E3 /* Controller */ = {
			isa = PBXGroup;
			children = (
				180465651ECBF298008996E3 /* ZFOtherViewController.h */,
				180465661ECBF298008996E3 /* ZFOtherViewController.m */,
			);
			path = Controller;
			sourceTree = "<group>";
		};
		180465671ECBF298008996E3 /* Model */ = {
			isa = PBXGroup;
			children = (
			);
			path = Model;
			sourceTree = "<group>";
		};
		180465681ECBF298008996E3 /* View */ = {
			isa = PBXGroup;
			children = (
			);
			path = View;
			sourceTree = "<group>";
		};
		180465691ECBF298008996E3 /* ZFUI */ = {
			isa = PBXGroup;
			children = (
				1804656A1ECBF298008996E3 /* Controller */,
				1804656D1ECBF298008996E3 /* Model */,
				1804656E1ECBF298008996E3 /* View */,
			);
			path = ZFUI;
			sourceTree = "<group>";
		};
		1804656A1ECBF298008996E3 /* Controller */ = {
			isa = PBXGroup;
			children = (
				1804656B1ECBF298008996E3 /* ZFUIViewController.h */,
				1804656C1ECBF298008996E3 /* ZFUIViewController.m */,
			);
			path = Controller;
			sourceTree = "<group>";
		};
		1804656D1ECBF298008996E3 /* Model */ = {
			isa = PBXGroup;
			children = (
			);
			path = Model;
			sourceTree = "<group>";
		};
		1804656E1ECBF298008996E3 /* View */ = {
			isa = PBXGroup;
			children = (
			);
			path = View;
			sourceTree = "<group>";
		};
		186886531ECBF0830094C2DC = {
			isa = PBXGroup;
			children = (
				1868865E1ECBF0830094C2DC /* ZFIOSPlatform */,
				1868867B1ECBF0830094C2DC /* ZFIOSPlatformTests */,
				186886861ECBF0840094C2DC /* ZFIOSPlatformUITests */,
				1868865D1ECBF0830094C2DC /* Products */,
				9775CA197C42672BB19AFB0A /* Pods */,
				48234C92F3543602BB938236 /* Frameworks */,
			);
			sourceTree = "<group>";
		};
		1868865D1ECBF0830094C2DC /* Products */ = {
			isa = PBXGroup;
			children = (
				1868865C1ECBF0830094C2DC /* ZFIOSPlatform.app */,
				186886781ECBF0830094C2DC /* ZFIOSPlatformTests.xctest */,
				186886831ECBF0840094C2DC /* ZFIOSPlatformUITests.xctest */,
			);
			name = Products;
			sourceTree = "<group>";
		};
		1868865E1ECBF0830094C2DC /* ZFIOSPlatform */ = {
			isa = PBXGroup;
			children = (
				180465251ECBF298008996E3 /* ZFClass */,
				186886681ECBF0830094C2DC /* Main.storyboard */,
				1868866E1ECBF0830094C2DC /* Assets.xcassets */,
				186886701ECBF0830094C2DC /* LaunchScreen.storyboard */,
				186886731ECBF0830094C2DC /* Info.plist */,
				1868866B1ECBF0830094C2DC /* ZFIOSPlatform.xcdatamodeld */,
				1868865F1ECBF0830094C2DC /* Supporting Files */,
			);
			path = ZFIOSPlatform;
			sourceTree = "<group>";
		};
		1868865F1ECBF0830094C2DC /* Supporting Files */ = {
			isa = PBXGroup;
			children = (
				186886601ECBF0830094C2DC /* main.m */,
			);
			name = "Supporting Files";
			sourceTree = "<group>";
		};
		1868867B1ECBF0830094C2DC /* ZFIOSPlatformTests */ = {
			isa = PBXGroup;
			children = (
				1868867C1ECBF0830094C2DC /* ZFIOSPlatformTests.m */,
				1868867E1ECBF0840094C2DC /* Info.plist */,
			);
			path = ZFIOSPlatformTests;
			sourceTree = "<group>";
		};
		186886861ECBF0840094C2DC /* ZFIOSPlatformUITests */ = {
			isa = PBXGroup;
			children = (
				186886871ECBF0840094C2DC /* ZFIOSPlatformUITests.m */,
				186886891ECBF0840094C2DC /* Info.plist */,
			);
			path = ZFIOSPlatformUITests;
			sourceTree = "<group>";
		};
		48234C92F3543602BB938236 /* Frameworks */ = {
			isa = PBXGroup;
			children = (
				1804659B1ECBF3FC008996E3 /* libc++.1.tbd */,
				180465991ECBF3D4008996E3 /* libz.tbd */,
				180465971ECBF3C4008996E3 /* JavaScriptCore.framework */,
				180465951ECBF3BD008996E3 /* AdSupport.framework */,
				180465931ECBF3B1008996E3 /* libstdc++.6.0.9.tbd */,
				180465911ECBF3A1008996E3 /* CoreTelephony.framework */,
				1804658F1ECBF396008996E3 /* libsqlite3.0.tbd */,
				1804658D1ECBF389008996E3 /* Security.framework */,
				1804658B1ECBF37E008996E3 /* CoreGraphics.framework */,
				180465891ECBF374008996E3 /* SystemConfiguration.framework */,
				180465871ECBF36A008996E3 /* OpenGLES.framework */,
				180465851ECBF35C008996E3 /* QuartzCore.framework */,
				180465831ECBF34D008996E3 /* CoreLocation.framework */,
				180465811ECBF33A008996E3 /* MapKit.framework */,
				F11A8BEC274AFB4D981498F2 /* Pods_ZFIOSPlatform.framework */,
			);
			name = Frameworks;
			sourceTree = "<group>";
		};
		9775CA197C42672BB19AFB0A /* Pods */ = {
			isa = PBXGroup;
			children = (
				572F6762BB572668B7FBE264 /* Pods-ZFIOSPlatform.debug.xcconfig */,
				DFAD6C3FF7827F9E45DF74B1 /* Pods-ZFIOSPlatform.release.xcconfig */,
			);
			name = Pods;
			sourceTree = "<group>";
		};
/* End PBXGroup section */

/* Begin PBXNativeTarget section */
		1868865B1ECBF0830094C2DC /* ZFIOSPlatform */ = {
			isa = PBXNativeTarget;
			buildConfigurationList = 1868868C1ECBF0840094C2DC /* Build configuration list for PBXNativeTarget "ZFIOSPlatform" */;
			buildPhases = (
				F3393CDAB20FF1A3A2941E4A /* [CP] Check Pods Manifest.lock */,
				186886581ECBF0830094C2DC /* Sources */,
				186886591ECBF0830094C2DC /* Frameworks */,
				1868865A1ECBF0830094C2DC /* Resources */,
				87556B4F2E98F0FDE336B4B6 /* [CP] Embed Pods Frameworks */,
				33E12CB71422CB759675863B /* [CP] Copy Pods Resources */,
			);
			buildRules = (
			);
			dependencies = (
			);
			name = ZFIOSPlatform;
			productName = ZFIOSPlatform;
			productReference = 1868865C1ECBF0830094C2DC /* ZFIOSPlatform.app */;
			productType = "com.apple.product-type.application";
		};
		186886771ECBF0830094C2DC /* ZFIOSPlatformTests */ = {
			isa = PBXNativeTarget;
			buildConfigurationList = 1868868F1ECBF0840094C2DC /* Build configuration list for PBXNativeTarget "ZFIOSPlatformTests" */;
			buildPhases = (
				186886741ECBF0830094C2DC /* Sources */,
				186886751ECBF0830094C2DC /* Frameworks */,
				186886761ECBF0830094C2DC /* Resources */,
			);
			buildRules = (
			);
			dependencies = (
				1868867A1ECBF0830094C2DC /* PBXTargetDependency */,
			);
			name = ZFIOSPlatformTests;
			productName = ZFIOSPlatformTests;
			productReference = 186886781ECBF0830094C2DC /* ZFIOSPlatformTests.xctest */;
			productType = "com.apple.product-type.bundle.unit-test";
		};
		186886821ECBF0840094C2DC /* ZFIOSPlatformUITests */ = {
			isa = PBXNativeTarget;
			buildConfigurationList = 186886921ECBF0840094C2DC /* Build configuration list for PBXNativeTarget "ZFIOSPlatformUITests" */;
			buildPhases = (
				1868867F1ECBF0840094C2DC /* Sources */,
				186886801ECBF0840094C2DC /* Frameworks */,
				186886811ECBF0840094C2DC /* Resources */,
			);
			buildRules = (
			);
			dependencies = (
				186886851ECBF0840094C2DC /* PBXTargetDependency */,
			);
			name = ZFIOSPlatformUITests;
			productName = ZFIOSPlatformUITests;
			productReference = 186886831ECBF0840094C2DC /* ZFIOSPlatformUITests.xctest */;
			productType = "com.apple.product-type.bundle.ui-testing";
		};
/* End PBXNativeTarget section */

/* Begin PBXProject section */
		186886541ECBF0830094C2DC /* Project object */ = {
			isa = PBXProject;
			attributes = {
				LastUpgradeCheck = 0830;
				ORGANIZATIONNAME = COM.ZMF;
				TargetAttributes = {
					1868865B1ECBF0830094C2DC = {
						CreatedOnToolsVersion = 8.3.2;
						DevelopmentTeam = 6F3XTCE8S9;
						ProvisioningStyle = Automatic;
					};
					186886771ECBF0830094C2DC = {
						CreatedOnToolsVersion = 8.3.2;
						DevelopmentTeam = 6F3XTCE8S9;
						ProvisioningStyle = Automatic;
						TestTargetID = 1868865B1ECBF0830094C2DC;
					};
					186886821ECBF0840094C2DC = {
						CreatedOnToolsVersion = 8.3.2;
						DevelopmentTeam = 6F3XTCE8S9;
						ProvisioningStyle = Automatic;
						TestTargetID = 1868865B1ECBF0830094C2DC;
					};
				};
			};
			buildConfigurationList = 186886571ECBF0830094C2DC /* Build configuration list for PBXProject "ZFIOSPlatform" */;
			compatibilityVersion = "Xcode 3.2";
			developmentRegion = English;
			hasScannedForEncodings = 0;
			knownRegions = (
				en,
				Base,
			);
			mainGroup = 186886531ECBF0830094C2DC;
			productRefGroup = 1868865D1ECBF0830094C2DC /* Products */;
			projectDirPath = "";
			projectRoot = "";
			targets = (
				1868865B1ECBF0830094C2DC /* ZFIOSPlatform */,
				186886771ECBF0830094C2DC /* ZFIOSPlatformTests */,
				186886821ECBF0840094C2DC /* ZFIOSPlatformUITests */,
			);
		};
/* End PBXProject section */

/* Begin PBXResourcesBuildPhase section */
		1868865A1ECBF0830094C2DC /* Resources */ = {
			isa = PBXResourcesBuildPhase;
			buildActionMask = 2147483647;
			files = (
				186886721ECBF0830094C2DC /* LaunchScreen.storyboard in Resources */,
				1868866F1ECBF0830094C2DC /* Assets.xcassets in Resources */,
				1868866A1ECBF0830094C2DC /* Main.storyboard in Resources */,
			);
			runOnlyForDeploymentPostprocessing = 0;
		};
		186886761ECBF0830094C2DC /* Resources */ = {
			isa = PBXResourcesBuildPhase;
			buildActionMask = 2147483647;
			files = (
			);
			runOnlyForDeploymentPostprocessing = 0;
		};
		186886811ECBF0840094C2DC /* Resources */ = {
			isa = PBXResourcesBuildPhase;
			buildActionMask = 2147483647;
			files = (
			);
			runOnlyForDeploymentPostprocessing = 0;
		};
/* End PBXResourcesBuildPhase section */

/* Begin PBXShellScriptBuildPhase section */
		33E12CB71422CB759675863B /* [CP] Copy Pods Resources */ = {
			isa = PBXShellScriptBuildPhase;
			buildActionMask = 2147483647;
			files = (
			);
			inputPaths = (
			);
			name = "[CP] Copy Pods Resources";
			outputPaths = (
			);
			runOnlyForDeploymentPostprocessing = 0;
			shellPath = /bin/sh;
			shellScript = "\"${SRCROOT}/Pods/Target Support Files/Pods-ZFIOSPlatform/Pods-ZFIOSPlatform-resources.sh\"\n";
			showEnvVarsInLog = 0;
		};
		87556B4F2E98F0FDE336B4B6 /* [CP] Embed Pods Frameworks */ = {
			isa = PBXShellScriptBuildPhase;
			buildActionMask = 2147483647;
			files = (
			);
			inputPaths = (
			);
			name = "[CP] Embed Pods Frameworks";
			outputPaths = (
			);
			runOnlyForDeploymentPostprocessing = 0;
			shellPath = /bin/sh;
			shellScript = "\"${SRCROOT}/Pods/Target Support Files/Pods-ZFIOSPlatform/Pods-ZFIOSPlatform-frameworks.sh\"\n";
			showEnvVarsInLog = 0;
		};
		F3393CDAB20FF1A3A2941E4A /* [CP] Check Pods Manifest.lock */ = {
			isa = PBXShellScriptBuildPhase;
			buildActionMask = 2147483647;
			files = (
			);
			inputPaths = (
			);
			name = "[CP] Check Pods Manifest.lock";
			outputPaths = (
			);
			runOnlyForDeploymentPostprocessing = 0;
			shellPath = /bin/sh;
			shellScript = "diff \"${PODS_ROOT}/../Podfile.lock\" \"${PODS_ROOT}/Manifest.lock\" > /dev/null\nif [ $? != 0 ] ; then\n    # print error to STDERR\n    echo \"error: The sandbox is not in sync with the Podfile.lock. Run 'pod install' or update your CocoaPods installation.\" >&2\n    exit 1\nfi\n";
			showEnvVarsInLog = 0;
		};
/* End PBXShellScriptBuildPhase section */

/* Begin PBXSourcesBuildPhase section */
		186886581ECBF0830094C2DC /* Sources */ = {
			isa = PBXSourcesBuildPhase;
			buildActionMask = 2147483647;
			files = (
				180465731ECBF298008996E3 /* ZFFunctionViewController.m in Sources */,
				180465741ECBF298008996E3 /* ZFFunctionTableView.m in Sources */,
				180465711ECBF298008996E3 /* ZFBaseViewController.m in Sources */,
				180465721ECBF298008996E3 /* ZFClassViewController.m in Sources */,
				180465701ECBF298008996E3 /* ZFBaseTableViewController.m in Sources */,
				1804657F1ECBF298008996E3 /* ZFOtherViewController.m in Sources */,
				1868866D1ECBF0830094C2DC /* ZFIOSPlatform.xcdatamodeld in Sources */,
				180465751ECBF298008996E3 /* ZFMapViewController.m in Sources */,
				1804657C1ECBF298008996E3 /* ZFMapFactory.m in Sources */,
				186886611ECBF0830094C2DC /* main.m in Sources */,
				180465801ECBF298008996E3 /* ZFUIViewController.m in Sources */,
				1804657D1ECBF298008996E3 /* ZFNavigationController.m in Sources */,
				1804656F1ECBF298008996E3 /* AppDelegate.m in Sources */,
				1804657E1ECBF298008996E3 /* ZFTabBarController.m in Sources */,
			);
			runOnlyForDeploymentPostprocessing = 0;
		};
		186886741ECBF0830094C2DC /* Sources */ = {
			isa = PBXSourcesBuildPhase;
			buildActionMask = 2147483647;
			files = (
				1868867D1ECBF0830094C2DC /* ZFIOSPlatformTests.m in Sources */,
			);
			runOnlyForDeploymentPostprocessing = 0;
		};
		1868867F1ECBF0840094C2DC /* Sources */ = {
			isa = PBXSourcesBuildPhase;
			buildActionMask = 2147483647;
			files = (
				186886881ECBF0840094C2DC /* ZFIOSPlatformUITests.m in Sources */,
			);
			runOnlyForDeploymentPostprocessing = 0;
		};
/* End PBXSourcesBuildPhase section */

/* Begin PBXTargetDependency section */
		1868867A1ECBF0830094C2DC /* PBXTargetDependency */ = {
			isa = PBXTargetDependency;
			target = 1868865B1ECBF0830094C2DC /* ZFIOSPlatform */;
			targetProxy = 186886791ECBF0830094C2DC /* PBXContainerItemProxy */;
		};
		186886851ECBF0840094C2DC /* PBXTargetDependency */ = {
			isa = PBXTargetDependency;
			target = 1868865B1ECBF0830094C2DC /* ZFIOSPlatform */;
			targetProxy = 186886841ECBF0840094C2DC /* PBXContainerItemProxy */;
		};
/* End PBXTargetDependency section */

/* Begin PBXVariantGroup section */
		186886681ECBF0830094C2DC /* Main.storyboard */ = {
			isa = PBXVariantGroup;
			children = (
				186886691ECBF0830094C2DC /* Base */,
			);
			name = Main.storyboard;
			sourceTree = "<group>";
		};
		186886701ECBF0830094C2DC /* LaunchScreen.storyboard */ = {
			isa = PBXVariantGroup;
			children = (
				186886711ECBF0830094C2DC /* Base */,
			);
			name = LaunchScreen.storyboard;
			sourceTree = "<group>";
		};
/* End PBXVariantGroup section */

/* Begin XCBuildConfiguration section */
		1868868A1ECBF0840094C2DC /* Debug */ = {
			isa = XCBuildConfiguration;
			buildSettings = {
				ALWAYS_SEARCH_USER_PATHS = NO;
				CLANG_ANALYZER_NONNULL = YES;
				CLANG_ANALYZER_NUMBER_OBJECT_CONVERSION = YES_AGGRESSIVE;
				CLANG_CXX_LANGUAGE_STANDARD = "gnu++0x";
				CLANG_CXX_LIBRARY = "libc++";
				CLANG_ENABLE_MODULES = YES;
				CLANG_ENABLE_OBJC_ARC = YES;
				CLANG_WARN_BOOL_CONVERSION = YES;
				CLANG_WARN_CONSTANT_CONVERSION = YES;
				CLANG_WARN_DIRECT_OBJC_ISA_USAGE = YES_ERROR;
				CLANG_WARN_DOCUMENTATION_COMMENTS = YES;
				CLANG_WARN_EMPTY_BODY = YES;
				CLANG_WARN_ENUM_CONVERSION = YES;
				CLANG_WARN_INFINITE_RECURSION = YES;
				CLANG_WARN_INT_CONVERSION = YES;
				CLANG_WARN_OBJC_ROOT_CLASS = YES_ERROR;
				CLANG_WARN_SUSPICIOUS_MOVE = YES;
				CLANG_WARN_UNREACHABLE_CODE = YES;
				CLANG_WARN__DUPLICATE_METHOD_MATCH = YES;
				"CODE_SIGN_IDENTITY[sdk=iphoneos*]" = "iPhone Developer";
				COPY_PHASE_STRIP = NO;
				DEBUG_INFORMATION_FORMAT = dwarf;
				ENABLE_STRICT_OBJC_MSGSEND = YES;
				ENABLE_TESTABILITY = YES;
				GCC_C_LANGUAGE_STANDARD = gnu99;
				GCC_DYNAMIC_NO_PIC = NO;
				GCC_NO_COMMON_BLOCKS = YES;
				GCC_OPTIMIZATION_LEVEL = 0;
				GCC_PREPROCESSOR_DEFINITIONS = (
					"DEBUG=1",
					"$(inherited)",
				);
				GCC_WARN_64_TO_32_BIT_CONVERSION = YES;
				GCC_WARN_ABOUT_RETURN_TYPE = YES_ERROR;
				GCC_WARN_UNDECLARED_SELECTOR = YES;
				GCC_WARN_UNINITIALIZED_AUTOS = YES_AGGRESSIVE;
				GCC_WARN_UNUSED_FUNCTION = YES;
				GCC_WARN_UNUSED_VARIABLE = YES;
				IPHONEOS_DEPLOYMENT_TARGET = 10.3;
				MTL_ENABLE_DEBUG_INFO = YES;
				ONLY_ACTIVE_ARCH = YES;
				SDKROOT = iphoneos;
			};
			name = Debug;
		};
		1868868B1ECBF0840094C2DC /* Release */ = {
			isa = XCBuildConfiguration;
			buildSettings = {
				ALWAYS_SEARCH_USER_PATHS = NO;
				CLANG_ANALYZER_NONNULL = YES;
				CLANG_ANALYZER_NUMBER_OBJECT_CONVERSION = YES_AGGRESSIVE;
				CLANG_CXX_LANGUAGE_STANDARD = "gnu++0x";
				CLANG_CXX_LIBRARY = "libc++";
				CLANG_ENABLE_MODULES = YES;
				CLANG_ENABLE_OBJC_ARC = YES;
				CLANG_WARN_BOOL_CONVERSION = YES;
				CLANG_WARN_CONSTANT_CONVERSION = YES;
				CLANG_WARN_DIRECT_OBJC_ISA_USAGE = YES_ERROR;
				CLANG_WARN_DOCUMENTATION_COMMENTS = YES;
				CLANG_WARN_EMPTY_BODY = YES;
				CLANG_WARN_ENUM_CONVERSION = YES;
				CLANG_WARN_INFINITE_RECURSION = YES;
				CLANG_WARN_INT_CONVERSION = YES;
				CLANG_WARN_OBJC_ROOT_CLASS = YES_ERROR;
				CLANG_WARN_SUSPICIOUS_MOVE = YES;
				CLANG_WARN_UNREACHABLE_CODE = YES;
				CLANG_WARN__DUPLICATE_METHOD_MATCH = YES;
				"CODE_SIGN_IDENTITY[sdk=iphoneos*]" = "iPhone Developer";
				COPY_PHASE_STRIP = NO;
				DEBUG_INFORMATION_FORMAT = "dwarf-with-dsym";
				ENABLE_NS_ASSERTIONS = NO;
				ENABLE_STRICT_OBJC_MSGSEND = YES;
				GCC_C_LANGUAGE_STANDARD = gnu99;
				GCC_NO_COMMON_BLOCKS = YES;
				GCC_WARN_64_TO_32_BIT_CONVERSION = YES;
				GCC_WARN_ABOUT_RETURN_TYPE = YES_ERROR;
				GCC_WARN_UNDECLARED_SELECTOR = YES;
				GCC_WARN_UNINITIALIZED_AUTOS = YES_AGGRESSIVE;
				GCC_WARN_UNUSED_FUNCTION = YES;
				GCC_WARN_UNUSED_VARIABLE = YES;
				IPHONEOS_DEPLOYMENT_TARGET = 10.3;
				MTL_ENABLE_DEBUG_INFO = NO;
				SDKROOT = iphoneos;
				VALIDATE_PRODUCT = YES;
			};
			name = Release;
		};
		1868868D1ECBF0840094C2DC /* Debug */ = {
			isa = XCBuildConfiguration;
			baseConfigurationReference = 572F6762BB572668B7FBE264 /* Pods-ZFIOSPlatform.debug.xcconfig */;
			buildSettings = {
				ASSETCATALOG_COMPILER_APPICON_NAME = AppIcon;
				DEVELOPMENT_TEAM = 6F3XTCE8S9;
				FRAMEWORK_SEARCH_PATHS = (
					"$(inherited)",
					"$(PROJECT_DIR)/ZFIOSPlatform/ZFClass/ZFFunction/ZFMap/ZFMapFactory/Librarys/BaiDu",
					"$(PROJECT_DIR)/ZFIOSPlatform/ZFClass/ZFFunction/ZFMap/ZFMapFactory/Librarys/GaoDe",
				);
				INFOPLIST_FILE = ZFIOSPlatform/Info.plist;
				IPHONEOS_DEPLOYMENT_TARGET = 9.0;
				LD_RUNPATH_SEARCH_PATHS = "$(inherited) @executable_path/Frameworks";
				LIBRARY_SEARCH_PATHS = (
					"$(inherited)",
					"$(PROJECT_DIR)/ZFIOSPlatform/ZFClass/ZFFunction/ZFMap/ZFMapFactory/Librarys/BaiDu/thirdlibs",
				);
				PRODUCT_BUNDLE_IDENTIFIER = ZMF.ZFIOSPlatform.ZF;
				PRODUCT_NAME = "$(TARGET_NAME)";
			};
			name = Debug;
		};
		1868868E1ECBF0840094C2DC /* Release */ = {
			isa = XCBuildConfiguration;
			baseConfigurationReference = DFAD6C3FF7827F9E45DF74B1 /* Pods-ZFIOSPlatform.release.xcconfig */;
			buildSettings = {
				ASSETCATALOG_COMPILER_APPICON_NAME = AppIcon;
				DEVELOPMENT_TEAM = 6F3XTCE8S9;
				FRAMEWORK_SEARCH_PATHS = (
					"$(inherited)",
					"$(PROJECT_DIR)/ZFIOSPlatform/ZFClass/ZFFunction/ZFMap/ZFMapFactory/Librarys/BaiDu",
					"$(PROJECT_DIR)/ZFIOSPlatform/ZFClass/ZFFunction/ZFMap/ZFMapFactory/Librarys/GaoDe",
				);
				INFOPLIST_FILE = ZFIOSPlatform/Info.plist;
				IPHONEOS_DEPLOYMENT_TARGET = 9.0;
				LD_RUNPATH_SEARCH_PATHS = "$(inherited) @executable_path/Frameworks";
				LIBRARY_SEARCH_PATHS = (
					"$(inherited)",
					"$(PROJECT_DIR)/ZFIOSPlatform/ZFClass/ZFFunction/ZFMap/ZFMapFactory/Librarys/BaiDu/thirdlibs",
				);
				PRODUCT_BUNDLE_IDENTIFIER = ZMF.ZFIOSPlatform.ZF;
				PRODUCT_NAME = "$(TARGET_NAME)";
			};
			name = Release;
		};
		186886901ECBF0840094C2DC /* Debug */ = {
			isa = XCBuildConfiguration;
			buildSettings = {
				BUNDLE_LOADER = "$(TEST_HOST)";
				DEVELOPMENT_TEAM = 6F3XTCE8S9;
				INFOPLIST_FILE = ZFIOSPlatformTests/Info.plist;
				LD_RUNPATH_SEARCH_PATHS = "$(inherited) @executable_path/Frameworks @loader_path/Frameworks";
				PRODUCT_BUNDLE_IDENTIFIER = ZMF.ZFIOSPlatformTests;
				PRODUCT_NAME = "$(TARGET_NAME)";
				TEST_HOST = "$(BUILT_PRODUCTS_DIR)/ZFIOSPlatform.app/ZFIOSPlatform";
			};
			name = Debug;
		};
		186886911ECBF0840094C2DC /* Release */ = {
			isa = XCBuildConfiguration;
			buildSettings = {
				BUNDLE_LOADER = "$(TEST_HOST)";
				DEVELOPMENT_TEAM = 6F3XTCE8S9;
				INFOPLIST_FILE = ZFIOSPlatformTests/Info.plist;
				LD_RUNPATH_SEARCH_PATHS = "$(inherited) @executable_path/Frameworks @loader_path/Frameworks";
				PRODUCT_BUNDLE_IDENTIFIER = ZMF.ZFIOSPlatformTests;
				PRODUCT_NAME = "$(TARGET_NAME)";
				TEST_HOST = "$(BUILT_PRODUCTS_DIR)/ZFIOSPlatform.app/ZFIOSPlatform";
			};
			name = Release;
		};
		186886931ECBF0840094C2DC /* Debug */ = {
			isa = XCBuildConfiguration;
			buildSettings = {
				DEVELOPMENT_TEAM = 6F3XTCE8S9;
				INFOPLIST_FILE = ZFIOSPlatformUITests/Info.plist;
				LD_RUNPATH_SEARCH_PATHS = "$(inherited) @executable_path/Frameworks @loader_path/Frameworks";
				PRODUCT_BUNDLE_IDENTIFIER = ZMF.ZFIOSPlatformUITests;
				PRODUCT_NAME = "$(TARGET_NAME)";
				TEST_TARGET_NAME = ZFIOSPlatform;
			};
			name = Debug;
		};
		186886941ECBF0840094C2DC /* Release */ = {
			isa = XCBuildConfiguration;
			buildSettings = {
				DEVELOPMENT_TEAM = 6F3XTCE8S9;
				INFOPLIST_FILE = ZFIOSPlatformUITests/Info.plist;
				LD_RUNPATH_SEARCH_PATHS = "$(inherited) @executable_path/Frameworks @loader_path/Frameworks";
				PRODUCT_BUNDLE_IDENTIFIER = ZMF.ZFIOSPlatformUITests;
				PRODUCT_NAME = "$(TARGET_NAME)";
				TEST_TARGET_NAME = ZFIOSPlatform;
			};
			name = Release;
		};
/* End XCBuildConfiguration section */

/* Begin XCConfigurationList section */
		186886571ECBF0830094C2DC /* Build configuration list for PBXProject "ZFIOSPlatform" */ = {
			isa = XCConfigurationList;
			buildConfigurations = (
				1868868A1ECBF0840094C2DC /* Debug */,
				1868868B1ECBF0840094C2DC /* Release */,
			);
			defaultConfigurationIsVisible = 0;
			defaultConfigurationName = Release;
		};
		1868868C1ECBF0840094C2DC /* Build configuration list for PBXNativeTarget "ZFIOSPlatform" */ = {
			isa = XCConfigurationList;
			buildConfigurations = (
				1868868D1ECBF0840094C2DC /* Debug */,
				1868868E1ECBF0840094C2DC /* Release */,
			);
			defaultConfigurationIsVisible = 0;
			defaultConfigurationName = Release;
		};
		1868868F1ECBF0840094C2DC /* Build configuration list for PBXNativeTarget "ZFIOSPlatformTests" */ = {
			isa = XCConfigurationList;
			buildConfigurations = (
				186886901ECBF0840094C2DC /* Debug */,
				186886911ECBF0840094C2DC /* Release */,
			);
			defaultConfigurationIsVisible = 0;
			defaultConfigurationName = Release;
		};
		186886921ECBF0840094C2DC /* Build configuration list for PBXNativeTarget "ZFIOSPlatformUITests" */ = {
			isa = XCConfigurationList;
			buildConfigurations = (
				186886931ECBF0840094C2DC /* Debug */,
				186886941ECBF0840094C2DC /* Release */,
			);
			defaultConfigurationIsVisible = 0;
			defaultConfigurationName = Release;
		};
/* End XCConfigurationList section */

/* Begin XCVersionGroup section */
		1868866B1ECBF0830094C2DC /* ZFIOSPlatform.xcdatamodeld */ = {
			isa = XCVersionGroup;
			children = (
				1868866C1ECBF0830094C2DC /* ZFIOSPlatform.xcdatamodel */,
			);
			currentVersion = 1868866C1ECBF0830094C2DC /* ZFIOSPlatform.xcdatamodel */;
			path = ZFIOSPlatform.xcdatamodeld;
			sourceTree = "<group>";
			versionGroupType = wrapper.xcdatamodel;
		};
/* End XCVersionGroup section */
	};
	rootObject = 186886541ECBF0830094C2DC /* Project object */;
}
